
Microsoft Visual Studio Solution File, Format Version 12.00
# Visual Studio Version 16
VisualStudioVersion = 16.0.31702.278
MinimumVisualStudioVersion = 10.0.40219.1
Project("{9A19103F-16F7-4668-BE54-9A1E7A4F7556}") = "MiniLoja.Business", "src\MiniLoja.Business\MiniLoja.Business.csproj", "{EFF6A0FE-AB7A-433B-A776-5150E62DE956}"
EndProject
Project("{9A19103F-16F7-4668-BE54-9A1E7A4F7556}") = "MiniLoja.Data", "src\MiniLoja.Data\MiniLoja.Data.csproj", "{D23321FF-41F6-406E-B2F7-3A7B7FD99A28}"
EndProject
Project("{FAE04EC0-301F-11D3-BF4B-00C04F79EFBC}") = "MiniLoja.Api", "src\MiniLoja.Api\MiniLoja.Api.csproj", "{05B745D6-F46A-4A87-975E-055680D0EAB3}"
EndProject
Global
	GlobalSection(SolutionConfigurationPlatforms) = preSolution
		Debug|Any CPU = Debug|Any CPU
		Release|Any CPU = Release|Any CPU
	EndGlobalSection
	GlobalSection(ProjectConfigurationPlatforms) = postSolution
		{EFF6A0FE-AB7A-433B-A776-5150E62DE956}.Debug|Any CPU.ActiveCfg = Debug|Any CPU
		{EFF6A0FE-AB7A-433B-A776-5150E62DE956}.Debug|Any CPU.Build.0 = Debug|Any CPU
		{EFF6A0FE-AB7A-433B-A776-5150E62DE956}.Release|Any CPU.ActiveCfg = Release|Any CPU
		{EFF6A0FE-AB7A-433B-A776-5150E62DE956}.Release|Any CPU.Build.0 = Release|Any CPU
		{D23321FF-41F6-406E-B2F7-3A7B7FD99A28}.Debug|Any CPU.ActiveCfg = Debug|Any CPU
		{D23321FF-41F6-406E-B2F7-3A7B7FD99A28}.Debug|Any CPU.Build.0 = Debug|Any CPU
		{D23321FF-41F6-406E-B2F7-3A7B7FD99A28}.Release|Any CPU.ActiveCfg = Release|Any CPU
		{D23321FF-41F6-406E-B2F7-3A7B7FD99A28}.Release|Any CPU.Build.0 = Release|Any CPU
		{05B745D6-F46A-4A87-975E-055680D0EAB3}.Debug|Any CPU.ActiveCfg = Debug|Any CPU
		{05B745D6-F46A-4A87-975E-055680D0EAB3}.Debug|Any CPU.Build.0 = Debug|Any CPU
		{05B745D6-F46A-4A87-975E-055680D0EAB3}.Release|Any CPU.ActiveCfg = Release|Any CPU
		{05B745D6-F46A-4A87-975E-055680D0EAB3}.Release|Any CPU.Build.0 = Release|Any CPU
	EndGlobalSection
	GlobalSection(SolutionProperties) = preSolution
		HideSolutionNode = FALSE
	EndGlobalSection
	GlobalSection(ExtensibilityGlobals) = postSolution
		SolutionGuid = {EE2932D2-A502-433B-89F8-3AFD21893D89}
	EndGlobalSection
EndGlobal
